
Microsoft Visual Studio Solution File, Format Version 12.00
# Visual Studio Version 16
VisualStudioVersion = 16.0.30320.27
MinimumVisualStudioVersion = 10.0.40219.1
Project("{9A19103F-16F7-4668-BE54-9A1E7A4F7556}") = "BlazorWebassemblySpotifyAndYoutube", "BlazorWebassemblySpotifyAndYoutube\BlazorWebassemblySpotifyAndYoutube.csproj", "{D9F7DBC6-D61A-4155-9D11-E1F72768AF9E}"
EndProject
Global
	GlobalSection(SolutionConfigurationPlatforms) = preSolution
		Debug|Any CPU = Debug|Any CPU
		Release|Any CPU = Release|Any CPU
	EndGlobalSection
	GlobalSection(ProjectConfigurationPlatforms) = postSolution
		{D9F7DBC6-D61A-4155-9D11-E1F72768AF9E}.Debug|Any CPU.ActiveCfg = Debug|Any CPU
		{D9F7DBC6-D61A-4155-9D11-E1F72768AF9E}.Debug|Any CPU.Build.0 = Debug|Any CPU
		{D9F7DBC6-D61A-4155-9D11-E1F72768AF9E}.Release|Any CPU.ActiveCfg = Release|Any CPU
		{D9F7DBC6-D61A-4155-9D11-E1F72768AF9E}.Release|Any CPU.Build.0 = Release|Any CPU
	EndGlobalSection
	GlobalSection(SolutionProperties) = preSolution
		HideSolutionNode = FALSE
	EndGlobalSection
	GlobalSection(ExtensibilityGlobals) = postSolution
		SolutionGuid = {04AFB1D8-EEFC-43EC-8E03-CC42D333158D}
	EndGlobalSection
EndGlobal
